{
    "version": 3,
    "terraform_version": "0.11.7",
    "serial": 3,
    "lineage": "dc444623-930d-3e7e-8a67-46613c38952f",
    "modules": [
        {
            "path": [
                "root"
            ],
            "outputs": {},
            "resources": {},
            "depends_on": []
        },
        {
            "path": [
                "root",
                "common_main_resources-va6"
            ],
            "outputs": {},
            "resources": {
                "aws_s3_bucket.aam-atl": {
                    "type": "aws_s3_bucket",
                    "depends_on": [],
                    "primary": {
                        "id": "aam-atl1-atlantis-test",
                        "attributes": {
                            "acceleration_status": "",
                            "acl": "private",
                            "arn": "arn:aws:s3:::aam-atl1-atlantis-test",
                            "bucket": "aam-atl1-atlantis-test",
                            "bucket_domain_name": "aam-atl1-atlantis-test.s3.amazonaws.com",
                            "bucket_regional_domain_name": "aam-atl1-atlantis-test.s3.amazonaws.com",
                            "cors_rule.#": "0",
                            "force_destroy": "false",
                            "hosted_zone_id": "Z3AQBSTGFYJSTF",
                            "id": "aam-atl1-atlantis-test",
                            "logging.#": "0",
                            "region": "us-east-1",
                            "replication_configuration.#": "0",
                            "request_payer": "BucketOwner",
                            "server_side_encryption_configuration.#": "0",
                            "tags.%": "1",
                            "tags.Adobe:ArchPath": "test",
                            "versioning.#": "1",
                            "versioning.0.enabled": "false",
                            "versioning.0.mfa_delete": "false",
                            "website.#": "0"
                        },
                        "meta": {},
                        "tainted": false
                    },
                    "deposed": [],
                    "provider": "module.common_main_resources-va6.provider.aws"
                }
            },
            "depends_on": []
        }
    ]
}
